
Microsoft Visual Studio Solution File, Format Version 12.00
# Visual Studio 2012
Project("{FAE04EC0-301F-11D3-BF4B-00C04F79EFBC}") = "1.PriorityQueue", "1.PriorityQueue\1.PriorityQueue.csproj", "{A7FEF981-721D-4506-A104-F56543505D39}"
EndProject
Project("{FAE04EC0-301F-11D3-BF4B-00C04F79EFBC}") = "2.EfficientProductSearch", "2.EfficientProductSearch\2.EfficientProductSearch.csproj", "{B99626B2-E099-49E2-B02C-818B18D35ED2}"
EndProject
Project("{FAE04EC0-301F-11D3-BF4B-00C04F79EFBC}") = "2.EfficientProductSearch.Tests", "2.EfficientProductSearch.Tests\2.EfficientProductSearch.Tests.csproj", "{743F8778-81E8-453A-ACA4-9FA95336A780}"
EndProject
Project("{FAE04EC0-301F-11D3-BF4B-00C04F79EFBC}") = "3.TrieWordFinder", "3.TrieWordFinder\3.TrieWordFinder.csproj", "{2D334862-F380-4E94-8953-AE5E849D816F}"
EndProject
Global
	GlobalSection(SolutionConfigurationPlatforms) = preSolution
		Debug|Any CPU = Debug|Any CPU
		Release|Any CPU = Release|Any CPU
	EndGlobalSection
	GlobalSection(ProjectConfigurationPlatforms) = postSolution
		{A7FEF981-721D-4506-A104-F56543505D39}.Debug|Any CPU.ActiveCfg = Debug|Any CPU
		{A7FEF981-721D-4506-A104-F56543505D39}.Debug|Any CPU.Build.0 = Debug|Any CPU
		{A7FEF981-721D-4506-A104-F56543505D39}.Release|Any CPU.ActiveCfg = Release|Any CPU
		{A7FEF981-721D-4506-A104-F56543505D39}.Release|Any CPU.Build.0 = Release|Any CPU
		{B99626B2-E099-49E2-B02C-818B18D35ED2}.Debug|Any CPU.ActiveCfg = Debug|Any CPU
		{B99626B2-E099-49E2-B02C-818B18D35ED2}.Debug|Any CPU.Build.0 = Debug|Any CPU
		{B99626B2-E099-49E2-B02C-818B18D35ED2}.Release|Any CPU.ActiveCfg = Release|Any CPU
		{B99626B2-E099-49E2-B02C-818B18D35ED2}.Release|Any CPU.Build.0 = Release|Any CPU
		{743F8778-81E8-453A-ACA4-9FA95336A780}.Debug|Any CPU.ActiveCfg = Debug|Any CPU
		{743F8778-81E8-453A-ACA4-9FA95336A780}.Debug|Any CPU.Build.0 = Debug|Any CPU
		{743F8778-81E8-453A-ACA4-9FA95336A780}.Release|Any CPU.ActiveCfg = Release|Any CPU
		{743F8778-81E8-453A-ACA4-9FA95336A780}.Release|Any CPU.Build.0 = Release|Any CPU
		{2D334862-F380-4E94-8953-AE5E849D816F}.Debug|Any CPU.ActiveCfg = Debug|Any CPU
		{2D334862-F380-4E94-8953-AE5E849D816F}.Debug|Any CPU.Build.0 = Debug|Any CPU
		{2D334862-F380-4E94-8953-AE5E849D816F}.Release|Any CPU.ActiveCfg = Release|Any CPU
		{2D334862-F380-4E94-8953-AE5E849D816F}.Release|Any CPU.Build.0 = Release|Any CPU
	EndGlobalSection
	GlobalSection(SolutionProperties) = preSolution
		HideSolutionNode = FALSE
	EndGlobalSection
EndGlobal
