
Microsoft Visual Studio Solution File, Format Version 12.00
# Visual Studio 2012
Project("{FAE04EC0-301F-11D3-BF4B-00C04F79EFBC}") = "Task1_Tree", "Task1_Tree\Task1_Tree.csproj", "{832F62D2-708C-4DDE-9EDC-E4E6173EF3FD}"
EndProject
Project("{FAE04EC0-301F-11D3-BF4B-00C04F79EFBC}") = "Task2_TraverseWindows", "Task2_TraverseWindows\Task2_TraverseWindows.csproj", "{C40C7DA6-2716-41E1-AE3D-EF262723187A}"
EndProject
Project("{FAE04EC0-301F-11D3-BF4B-00C04F79EFBC}") = "Task3_StoreYourHardDrive", "Task3_StoreYourHardDrive\Task3_StoreYourHardDrive.csproj", "{807552BE-641C-471A-BBFD-5C540EAE7A88}"
EndProject
Global
	GlobalSection(SolutionConfigurationPlatforms) = preSolution
		Debug|Any CPU = Debug|Any CPU
		Release|Any CPU = Release|Any CPU
	EndGlobalSection
	GlobalSection(ProjectConfigurationPlatforms) = postSolution
		{832F62D2-708C-4DDE-9EDC-E4E6173EF3FD}.Debug|Any CPU.ActiveCfg = Debug|Any CPU
		{832F62D2-708C-4DDE-9EDC-E4E6173EF3FD}.Debug|Any CPU.Build.0 = Debug|Any CPU
		{832F62D2-708C-4DDE-9EDC-E4E6173EF3FD}.Release|Any CPU.ActiveCfg = Release|Any CPU
		{832F62D2-708C-4DDE-9EDC-E4E6173EF3FD}.Release|Any CPU.Build.0 = Release|Any CPU
		{C40C7DA6-2716-41E1-AE3D-EF262723187A}.Debug|Any CPU.ActiveCfg = Debug|Any CPU
		{C40C7DA6-2716-41E1-AE3D-EF262723187A}.Debug|Any CPU.Build.0 = Debug|Any CPU
		{C40C7DA6-2716-41E1-AE3D-EF262723187A}.Release|Any CPU.ActiveCfg = Release|Any CPU
		{C40C7DA6-2716-41E1-AE3D-EF262723187A}.Release|Any CPU.Build.0 = Release|Any CPU
		{807552BE-641C-471A-BBFD-5C540EAE7A88}.Debug|Any CPU.ActiveCfg = Debug|Any CPU
		{807552BE-641C-471A-BBFD-5C540EAE7A88}.Debug|Any CPU.Build.0 = Debug|Any CPU
		{807552BE-641C-471A-BBFD-5C540EAE7A88}.Release|Any CPU.ActiveCfg = Release|Any CPU
		{807552BE-641C-471A-BBFD-5C540EAE7A88}.Release|Any CPU.Build.0 = Release|Any CPU
	EndGlobalSection
	GlobalSection(SolutionProperties) = preSolution
		HideSolutionNode = FALSE
	EndGlobalSection
EndGlobal
