
Microsoft Visual Studio Solution File, Format Version 12.00
# Visual Studio 2012
Project("{FAE04EC0-301F-11D3-BF4B-00C04F79EFBC}") = "Task2_AcademyTasks", "Task2_AcademyTasks\Task2_AcademyTasks.csproj", "{068FBC55-07CE-4F52-8384-21DC45E97AF6}"
EndProject
Project("{FAE04EC0-301F-11D3-BF4B-00C04F79EFBC}") = "Task1_MessageInABottle", "Task1_MessageInABottle\Task1_MessageInABottle.csproj", "{2B670173-39A8-441B-8EA3-B07F3CD0DEC9}"
EndProject
Project("{FAE04EC0-301F-11D3-BF4B-00C04F79EFBC}") = "Task4_RiskWinsRiskLoses", "Task4_RiskWinsRiskLoses\Task4_RiskWinsRiskLoses.csproj", "{8201D99D-C876-4E71-8E73-F8F92F3708A5}"
EndProject
Project("{FAE04EC0-301F-11D3-BF4B-00C04F79EFBC}") = "Task5_ShoppingCenter", "Task5_ShoppingCenter\Task5_ShoppingCenter.csproj", "{35338960-A198-463F-9204-20B954E814FA}"
EndProject
Global
	GlobalSection(SolutionConfigurationPlatforms) = preSolution
		Debug|Any CPU = Debug|Any CPU
		Release|Any CPU = Release|Any CPU
	EndGlobalSection
	GlobalSection(ProjectConfigurationPlatforms) = postSolution
		{068FBC55-07CE-4F52-8384-21DC45E97AF6}.Debug|Any CPU.ActiveCfg = Debug|Any CPU
		{068FBC55-07CE-4F52-8384-21DC45E97AF6}.Debug|Any CPU.Build.0 = Debug|Any CPU
		{068FBC55-07CE-4F52-8384-21DC45E97AF6}.Release|Any CPU.ActiveCfg = Release|Any CPU
		{068FBC55-07CE-4F52-8384-21DC45E97AF6}.Release|Any CPU.Build.0 = Release|Any CPU
		{2B670173-39A8-441B-8EA3-B07F3CD0DEC9}.Debug|Any CPU.ActiveCfg = Debug|Any CPU
		{2B670173-39A8-441B-8EA3-B07F3CD0DEC9}.Debug|Any CPU.Build.0 = Debug|Any CPU
		{2B670173-39A8-441B-8EA3-B07F3CD0DEC9}.Release|Any CPU.ActiveCfg = Release|Any CPU
		{2B670173-39A8-441B-8EA3-B07F3CD0DEC9}.Release|Any CPU.Build.0 = Release|Any CPU
		{8201D99D-C876-4E71-8E73-F8F92F3708A5}.Debug|Any CPU.ActiveCfg = Debug|Any CPU
		{8201D99D-C876-4E71-8E73-F8F92F3708A5}.Debug|Any CPU.Build.0 = Debug|Any CPU
		{8201D99D-C876-4E71-8E73-F8F92F3708A5}.Release|Any CPU.ActiveCfg = Release|Any CPU
		{8201D99D-C876-4E71-8E73-F8F92F3708A5}.Release|Any CPU.Build.0 = Release|Any CPU
		{35338960-A198-463F-9204-20B954E814FA}.Debug|Any CPU.ActiveCfg = Debug|Any CPU
		{35338960-A198-463F-9204-20B954E814FA}.Debug|Any CPU.Build.0 = Debug|Any CPU
		{35338960-A198-463F-9204-20B954E814FA}.Release|Any CPU.ActiveCfg = Release|Any CPU
		{35338960-A198-463F-9204-20B954E814FA}.Release|Any CPU.Build.0 = Release|Any CPU
	EndGlobalSection
	GlobalSection(SolutionProperties) = preSolution
		HideSolutionNode = FALSE
	EndGlobalSection
EndGlobal
