
Microsoft Visual Studio Solution File, Format Version 12.00
# Visual Studio 2012
Project("{FAE04EC0-301F-11D3-BF4B-00C04F79EFBC}") = "1_ShipDamage", "1_ShipDamage\1_ShipDamage.csproj", "{6EF4A55A-C1B5-443B-9CD4-C0F5C676A1F4}"
EndProject
Project("{FAE04EC0-301F-11D3-BF4B-00C04F79EFBC}") = "2_Tribonacci", "2_Tribonacci\2_Tribonacci.csproj", "{E9A6AF64-E1BB-4EAF-A5E4-664E4A7BEC5E}"
EndProject
Project("{FAE04EC0-301F-11D3-BF4B-00C04F79EFBC}") = "3_FirTree", "3_FirTree\3_FirTree.csproj", "{F405E24D-3A7D-4C9A-A7C2-614CEF65457E}"
EndProject
Project("{FAE04EC0-301F-11D3-BF4B-00C04F79EFBC}") = "4_WeAllLoveBits", "4_WeAllLoveBits\4_WeAllLoveBits.csproj", "{D67A2FE0-90EF-47D2-AC1F-C1ADBC6EB574}"
EndProject
Project("{FAE04EC0-301F-11D3-BF4B-00C04F79EFBC}") = "5_Pillars", "5_Pillars\5_Pillars.csproj", "{469A31E9-9BFC-407C-AE7D-FD1D3608502E}"
EndProject
Global
	GlobalSection(SolutionConfigurationPlatforms) = preSolution
		Debug|Any CPU = Debug|Any CPU
		Release|Any CPU = Release|Any CPU
	EndGlobalSection
	GlobalSection(ProjectConfigurationPlatforms) = postSolution
		{6EF4A55A-C1B5-443B-9CD4-C0F5C676A1F4}.Debug|Any CPU.ActiveCfg = Debug|Any CPU
		{6EF4A55A-C1B5-443B-9CD4-C0F5C676A1F4}.Debug|Any CPU.Build.0 = Debug|Any CPU
		{6EF4A55A-C1B5-443B-9CD4-C0F5C676A1F4}.Release|Any CPU.ActiveCfg = Release|Any CPU
		{6EF4A55A-C1B5-443B-9CD4-C0F5C676A1F4}.Release|Any CPU.Build.0 = Release|Any CPU
		{E9A6AF64-E1BB-4EAF-A5E4-664E4A7BEC5E}.Debug|Any CPU.ActiveCfg = Debug|Any CPU
		{E9A6AF64-E1BB-4EAF-A5E4-664E4A7BEC5E}.Debug|Any CPU.Build.0 = Debug|Any CPU
		{E9A6AF64-E1BB-4EAF-A5E4-664E4A7BEC5E}.Release|Any CPU.ActiveCfg = Release|Any CPU
		{E9A6AF64-E1BB-4EAF-A5E4-664E4A7BEC5E}.Release|Any CPU.Build.0 = Release|Any CPU
		{F405E24D-3A7D-4C9A-A7C2-614CEF65457E}.Debug|Any CPU.ActiveCfg = Debug|Any CPU
		{F405E24D-3A7D-4C9A-A7C2-614CEF65457E}.Debug|Any CPU.Build.0 = Debug|Any CPU
		{F405E24D-3A7D-4C9A-A7C2-614CEF65457E}.Release|Any CPU.ActiveCfg = Release|Any CPU
		{F405E24D-3A7D-4C9A-A7C2-614CEF65457E}.Release|Any CPU.Build.0 = Release|Any CPU
		{D67A2FE0-90EF-47D2-AC1F-C1ADBC6EB574}.Debug|Any CPU.ActiveCfg = Debug|Any CPU
		{D67A2FE0-90EF-47D2-AC1F-C1ADBC6EB574}.Debug|Any CPU.Build.0 = Debug|Any CPU
		{D67A2FE0-90EF-47D2-AC1F-C1ADBC6EB574}.Release|Any CPU.ActiveCfg = Release|Any CPU
		{D67A2FE0-90EF-47D2-AC1F-C1ADBC6EB574}.Release|Any CPU.Build.0 = Release|Any CPU
		{469A31E9-9BFC-407C-AE7D-FD1D3608502E}.Debug|Any CPU.ActiveCfg = Debug|Any CPU
		{469A31E9-9BFC-407C-AE7D-FD1D3608502E}.Debug|Any CPU.Build.0 = Debug|Any CPU
		{469A31E9-9BFC-407C-AE7D-FD1D3608502E}.Release|Any CPU.ActiveCfg = Release|Any CPU
		{469A31E9-9BFC-407C-AE7D-FD1D3608502E}.Release|Any CPU.Build.0 = Release|Any CPU
	EndGlobalSection
	GlobalSection(SolutionProperties) = preSolution
		HideSolutionNode = FALSE
	EndGlobalSection
EndGlobal
