
Microsoft Visual Studio Solution File, Format Version 12.00
# Visual Studio 2012
Project("{FAE04EC0-301F-11D3-BF4B-00C04F79EFBC}") = "Task1_Coins", "Task1_Coins\Task1_Coins.csproj", "{4C2C525E-A71D-41C1-A794-482F5300D5B7}"
EndProject
Project("{FAE04EC0-301F-11D3-BF4B-00C04F79EFBC}") = "Task2_PointInTriangle", "Task2_PointInTriangle\Task2_PointInTriangle.csproj", "{4A4C5E93-726C-4EBF-ADF5-A780287EEDC8}"
EndProject
Global
	GlobalSection(SolutionConfigurationPlatforms) = preSolution
		Debug|Any CPU = Debug|Any CPU
		Release|Any CPU = Release|Any CPU
	EndGlobalSection
	GlobalSection(ProjectConfigurationPlatforms) = postSolution
		{4C2C525E-A71D-41C1-A794-482F5300D5B7}.Debug|Any CPU.ActiveCfg = Debug|Any CPU
		{4C2C525E-A71D-41C1-A794-482F5300D5B7}.Debug|Any CPU.Build.0 = Debug|Any CPU
		{4C2C525E-A71D-41C1-A794-482F5300D5B7}.Release|Any CPU.ActiveCfg = Release|Any CPU
		{4C2C525E-A71D-41C1-A794-482F5300D5B7}.Release|Any CPU.Build.0 = Release|Any CPU
		{4A4C5E93-726C-4EBF-ADF5-A780287EEDC8}.Debug|Any CPU.ActiveCfg = Debug|Any CPU
		{4A4C5E93-726C-4EBF-ADF5-A780287EEDC8}.Debug|Any CPU.Build.0 = Debug|Any CPU
		{4A4C5E93-726C-4EBF-ADF5-A780287EEDC8}.Release|Any CPU.ActiveCfg = Release|Any CPU
		{4A4C5E93-726C-4EBF-ADF5-A780287EEDC8}.Release|Any CPU.Build.0 = Release|Any CPU
	EndGlobalSection
	GlobalSection(SolutionProperties) = preSolution
		HideSolutionNode = FALSE
	EndGlobalSection
EndGlobal
