
Microsoft Visual Studio Solution File, Format Version 12.00
# Visual Studio 2012
Project("{FAE04EC0-301F-11D3-BF4B-00C04F79EFBC}") = "1_Shapes", "1_Shapes\1_Shapes.csproj", "{278D448E-965E-47E0-BA11-7F3FB9E5A979}"
EndProject
Project("{FAE04EC0-301F-11D3-BF4B-00C04F79EFBC}") = "2_Bank", "2_Bank\2_Bank.csproj", "{DC5DFCA4-E0D8-4721-818F-732863CDDB7A}"
EndProject
Project("{FAE04EC0-301F-11D3-BF4B-00C04F79EFBC}") = "InvalidExceptionRangeProject", "InvalidExceptionRangeProject\InvalidExceptionRangeProject.csproj", "{9C041167-3100-4ABD-B44A-0E59F5929849}"
EndProject
Global
	GlobalSection(SolutionConfigurationPlatforms) = preSolution
		Debug|Any CPU = Debug|Any CPU
		Release|Any CPU = Release|Any CPU
	EndGlobalSection
	GlobalSection(ProjectConfigurationPlatforms) = postSolution
		{278D448E-965E-47E0-BA11-7F3FB9E5A979}.Debug|Any CPU.ActiveCfg = Debug|Any CPU
		{278D448E-965E-47E0-BA11-7F3FB9E5A979}.Debug|Any CPU.Build.0 = Debug|Any CPU
		{278D448E-965E-47E0-BA11-7F3FB9E5A979}.Release|Any CPU.ActiveCfg = Release|Any CPU
		{278D448E-965E-47E0-BA11-7F3FB9E5A979}.Release|Any CPU.Build.0 = Release|Any CPU
		{DC5DFCA4-E0D8-4721-818F-732863CDDB7A}.Debug|Any CPU.ActiveCfg = Debug|Any CPU
		{DC5DFCA4-E0D8-4721-818F-732863CDDB7A}.Debug|Any CPU.Build.0 = Debug|Any CPU
		{DC5DFCA4-E0D8-4721-818F-732863CDDB7A}.Release|Any CPU.ActiveCfg = Release|Any CPU
		{DC5DFCA4-E0D8-4721-818F-732863CDDB7A}.Release|Any CPU.Build.0 = Release|Any CPU
		{9C041167-3100-4ABD-B44A-0E59F5929849}.Debug|Any CPU.ActiveCfg = Debug|Any CPU
		{9C041167-3100-4ABD-B44A-0E59F5929849}.Debug|Any CPU.Build.0 = Debug|Any CPU
		{9C041167-3100-4ABD-B44A-0E59F5929849}.Release|Any CPU.ActiveCfg = Release|Any CPU
		{9C041167-3100-4ABD-B44A-0E59F5929849}.Release|Any CPU.Build.0 = Release|Any CPU
	EndGlobalSection
	GlobalSection(SolutionProperties) = preSolution
		HideSolutionNode = FALSE
	EndGlobalSection
EndGlobal
