
Microsoft Visual Studio Solution File, Format Version 12.00
# Visual Studio 2012
Project("{FAE04EC0-301F-11D3-BF4B-00C04F79EFBC}") = "FeedZillaAPI.Client", "FeedZillaAPI.Client\FeedZillaAPI.Client.csproj", "{AE757F11-7C1F-4C71-A80C-4E7E0BE67CBC}"
EndProject
Global
	GlobalSection(SolutionConfigurationPlatforms) = preSolution
		Debug|Any CPU = Debug|Any CPU
		Release|Any CPU = Release|Any CPU
	EndGlobalSection
	GlobalSection(ProjectConfigurationPlatforms) = postSolution
		{AE757F11-7C1F-4C71-A80C-4E7E0BE67CBC}.Debug|Any CPU.ActiveCfg = Debug|Any CPU
		{AE757F11-7C1F-4C71-A80C-4E7E0BE67CBC}.Debug|Any CPU.Build.0 = Debug|Any CPU
		{AE757F11-7C1F-4C71-A80C-4E7E0BE67CBC}.Release|Any CPU.ActiveCfg = Release|Any CPU
		{AE757F11-7C1F-4C71-A80C-4E7E0BE67CBC}.Release|Any CPU.Build.0 = Release|Any CPU
	EndGlobalSection
	GlobalSection(SolutionProperties) = preSolution
		HideSolutionNode = FALSE
	EndGlobalSection
EndGlobal
