
Microsoft Visual Studio Solution File, Format Version 12.00
# Visual Studio 2012
Project("{FAE04EC0-301F-11D3-BF4B-00C04F79EFBC}") = "Algo_March2012_05_FriendsOfPesho", "Algo_March2012_05_FriendsOfPesho\Algo_March2012_05_FriendsOfPesho.csproj", "{2CC29686-0F37-463A-A048-09012588CDE2}"
EndProject
Project("{FAE04EC0-301F-11D3-BF4B-00C04F79EFBC}") = "Algo_February2013_04_Salaries", "Algo_February2013_04_Salaries\Algo_February2013_04_Salaries.csproj", "{C2293809-9862-4D2E-B24E-D8DE43D81316}"
EndProject
Project("{FAE04EC0-301F-11D3-BF4B-00C04F79EFBC}") = "Algo_February2013_10_Energo", "Algo_February2013_10_Energo\Algo_February2013_10_Energo.csproj", "{AAB19B0C-B0AE-4E02-AF82-31DA6D547DF9}"
EndProject
Global
	GlobalSection(SolutionConfigurationPlatforms) = preSolution
		Debug|Any CPU = Debug|Any CPU
		Release|Any CPU = Release|Any CPU
	EndGlobalSection
	GlobalSection(ProjectConfigurationPlatforms) = postSolution
		{2CC29686-0F37-463A-A048-09012588CDE2}.Debug|Any CPU.ActiveCfg = Debug|Any CPU
		{2CC29686-0F37-463A-A048-09012588CDE2}.Debug|Any CPU.Build.0 = Debug|Any CPU
		{2CC29686-0F37-463A-A048-09012588CDE2}.Release|Any CPU.ActiveCfg = Release|Any CPU
		{2CC29686-0F37-463A-A048-09012588CDE2}.Release|Any CPU.Build.0 = Release|Any CPU
		{C2293809-9862-4D2E-B24E-D8DE43D81316}.Debug|Any CPU.ActiveCfg = Debug|Any CPU
		{C2293809-9862-4D2E-B24E-D8DE43D81316}.Debug|Any CPU.Build.0 = Debug|Any CPU
		{C2293809-9862-4D2E-B24E-D8DE43D81316}.Release|Any CPU.ActiveCfg = Release|Any CPU
		{C2293809-9862-4D2E-B24E-D8DE43D81316}.Release|Any CPU.Build.0 = Release|Any CPU
		{AAB19B0C-B0AE-4E02-AF82-31DA6D547DF9}.Debug|Any CPU.ActiveCfg = Debug|Any CPU
		{AAB19B0C-B0AE-4E02-AF82-31DA6D547DF9}.Debug|Any CPU.Build.0 = Debug|Any CPU
		{AAB19B0C-B0AE-4E02-AF82-31DA6D547DF9}.Release|Any CPU.ActiveCfg = Release|Any CPU
		{AAB19B0C-B0AE-4E02-AF82-31DA6D547DF9}.Release|Any CPU.Build.0 = Release|Any CPU
	EndGlobalSection
	GlobalSection(SolutionProperties) = preSolution
		HideSolutionNode = FALSE
	EndGlobalSection
EndGlobal
