
Microsoft Visual Studio Solution File, Format Version 12.00
# Visual Studio 2012
Project("{FAE04EC0-301F-11D3-BF4B-00C04F79EFBC}") = "1_2_DecimalToBinary", "1_DecimalToBinary\1_2_DecimalToBinary.csproj", "{9E2D87D8-9B97-4B82-8620-4EFF0A09FE71}"
EndProject
Project("{FAE04EC0-301F-11D3-BF4B-00C04F79EFBC}") = "3_4_HexToDec", "3_4_HexToDec\3_4_HexToDec.csproj", "{CD980508-5C53-4562-9893-942B3BDB5B12}"
EndProject
Project("{FAE04EC0-301F-11D3-BF4B-00C04F79EFBC}") = "5_6_HexBin", "5_6_HexBin\5_6_HexBin.csproj", "{75210A0E-D0BB-4D40-B27C-DB713B11D8D6}"
EndProject
Project("{FAE04EC0-301F-11D3-BF4B-00C04F79EFBC}") = "7_AnyToAnySystem", "7_AnyToAnySystem\7_AnyToAnySystem.csproj", "{C92F3F4A-B866-4C59-BFBE-CB4F94930FB6}"
EndProject
Project("{FAE04EC0-301F-11D3-BF4B-00C04F79EFBC}") = "8_BinaryRappresentation", "8_BinaryRappresentation\8_BinaryRappresentation.csproj", "{1F84FFC0-22F6-421B-B115-9CC26317E0C7}"
EndProject
Global
	GlobalSection(SolutionConfigurationPlatforms) = preSolution
		Debug|Any CPU = Debug|Any CPU
		Release|Any CPU = Release|Any CPU
	EndGlobalSection
	GlobalSection(ProjectConfigurationPlatforms) = postSolution
		{9E2D87D8-9B97-4B82-8620-4EFF0A09FE71}.Debug|Any CPU.ActiveCfg = Debug|Any CPU
		{9E2D87D8-9B97-4B82-8620-4EFF0A09FE71}.Debug|Any CPU.Build.0 = Debug|Any CPU
		{9E2D87D8-9B97-4B82-8620-4EFF0A09FE71}.Release|Any CPU.ActiveCfg = Release|Any CPU
		{9E2D87D8-9B97-4B82-8620-4EFF0A09FE71}.Release|Any CPU.Build.0 = Release|Any CPU
		{CD980508-5C53-4562-9893-942B3BDB5B12}.Debug|Any CPU.ActiveCfg = Debug|Any CPU
		{CD980508-5C53-4562-9893-942B3BDB5B12}.Debug|Any CPU.Build.0 = Debug|Any CPU
		{CD980508-5C53-4562-9893-942B3BDB5B12}.Release|Any CPU.ActiveCfg = Release|Any CPU
		{CD980508-5C53-4562-9893-942B3BDB5B12}.Release|Any CPU.Build.0 = Release|Any CPU
		{75210A0E-D0BB-4D40-B27C-DB713B11D8D6}.Debug|Any CPU.ActiveCfg = Debug|Any CPU
		{75210A0E-D0BB-4D40-B27C-DB713B11D8D6}.Debug|Any CPU.Build.0 = Debug|Any CPU
		{75210A0E-D0BB-4D40-B27C-DB713B11D8D6}.Release|Any CPU.ActiveCfg = Release|Any CPU
		{75210A0E-D0BB-4D40-B27C-DB713B11D8D6}.Release|Any CPU.Build.0 = Release|Any CPU
		{C92F3F4A-B866-4C59-BFBE-CB4F94930FB6}.Debug|Any CPU.ActiveCfg = Debug|Any CPU
		{C92F3F4A-B866-4C59-BFBE-CB4F94930FB6}.Debug|Any CPU.Build.0 = Debug|Any CPU
		{C92F3F4A-B866-4C59-BFBE-CB4F94930FB6}.Release|Any CPU.ActiveCfg = Release|Any CPU
		{C92F3F4A-B866-4C59-BFBE-CB4F94930FB6}.Release|Any CPU.Build.0 = Release|Any CPU
		{1F84FFC0-22F6-421B-B115-9CC26317E0C7}.Debug|Any CPU.ActiveCfg = Debug|Any CPU
		{1F84FFC0-22F6-421B-B115-9CC26317E0C7}.Debug|Any CPU.Build.0 = Debug|Any CPU
		{1F84FFC0-22F6-421B-B115-9CC26317E0C7}.Release|Any CPU.ActiveCfg = Release|Any CPU
		{1F84FFC0-22F6-421B-B115-9CC26317E0C7}.Release|Any CPU.Build.0 = Release|Any CPU
	EndGlobalSection
	GlobalSection(SolutionProperties) = preSolution
		HideSolutionNode = FALSE
	EndGlobalSection
EndGlobal
